// !$*UTF8*$!
{
	archiveVersion = 1;
	classes = {
	};
	objectVersion = 55;
	objects = {

/* Begin PBXBuildFile section */
		005F4A4D2789704300B69871 /* AppDelegate.swift in Sources */ = {isa = PBXBuildFile; fileRef = 005F4A4C2789704300B69871 /* AppDelegate.swift */; };
		005F4A4F2789704300B69871 /* SceneDelegate.swift in Sources */ = {isa = PBXBuildFile; fileRef = 005F4A4E2789704300B69871 /* SceneDelegate.swift */; };
		005F4A512789704300B69871 /* ViewController.swift in Sources */ = {isa = PBXBuildFile; fileRef = 005F4A502789704300B69871 /* ViewController.swift */; };
		005F4A542789704300B69871 /* Main.storyboard in Resources */ = {isa = PBXBuildFile; fileRef = 005F4A522789704300B69871 /* Main.storyboard */; };
		005F4A562789704600B69871 /* Assets.xcassets in Resources */ = {isa = PBXBuildFile; fileRef = 005F4A552789704600B69871 /* Assets.xcassets */; };
		005F4A592789704600B69871 /* LaunchScreen.storyboard in Resources */ = {isa = PBXBuildFile; fileRef = 005F4A572789704600B69871 /* LaunchScreen.storyboard */; };
		005F4A65278974C100B69871 /* ReemKufi-SemiBold.ttf in Resources */ = {isa = PBXBuildFile; fileRef = 005F4A61278974C100B69871 /* ReemKufi-SemiBold.ttf */; };
		005F4A66278974C100B69871 /* ReemKufi-Bold.ttf in Resources */ = {isa = PBXBuildFile; fileRef = 005F4A62278974C100B69871 /* ReemKufi-Bold.ttf */; };
		005F4A67278974C100B69871 /* ReemKufi-Regular.ttf in Resources */ = {isa = PBXBuildFile; fileRef = 005F4A63278974C100B69871 /* ReemKufi-Regular.ttf */; };
		005F4A68278974C100B69871 /* ReemKufi-Medium.ttf in Resources */ = {isa = PBXBuildFile; fileRef = 005F4A64278974C100B69871 /* ReemKufi-Medium.ttf */; };
		005F4A6C2789776F00B69871 /* Cairo-Medium.ttf in Resources */ = {isa = PBXBuildFile; fileRef = 005F4A692789776F00B69871 /* Cairo-Medium.ttf */; };
		005F4A6D2789776F00B69871 /* Cairo-SemiBold.ttf in Resources */ = {isa = PBXBuildFile; fileRef = 005F4A6A2789776F00B69871 /* Cairo-SemiBold.ttf */; };
		005F4A6E2789776F00B69871 /* Cairo-Bold.ttf in Resources */ = {isa = PBXBuildFile; fileRef = 005F4A6B2789776F00B69871 /* Cairo-Bold.ttf */; };
/* End PBXBuildFile section */

/* Begin PBXFileReference section */
		005F4A492789704300B69871 /* Qattah.app */ = {isa = PBXFileReference; explicitFileType = wrapper.application; includeInIndex = 0; path = Qattah.app; sourceTree = BUILT_PRODUCTS_DIR; };
		005F4A4C2789704300B69871 /* AppDelegate.swift */ = {isa = PBXFileReference; lastKnownFileType = sourcecode.swift; path = AppDelegate.swift; sourceTree = "<group>"; };
		005F4A4E2789704300B69871 /* SceneDelegate.swift */ = {isa = PBXFileReference; lastKnownFileType = sourcecode.swift; path = SceneDelegate.swift; sourceTree = "<group>"; };
		005F4A502789704300B69871 /* ViewController.swift */ = {isa = PBXFileReference; lastKnownFileType = sourcecode.swift; path = ViewController.swift; sourceTree = "<group>"; };
		005F4A532789704300B69871 /* Base */ = {isa = PBXFileReference; lastKnownFileType = file.storyboard; name = Base; path = Base.lproj/Main.storyboard; sourceTree = "<group>"; };
		005F4A552789704600B69871 /* Assets.xcassets */ = {isa = PBXFileReference; lastKnownFileType = folder.assetcatalog; path = Assets.xcassets; sourceTree = "<group>"; };
		005F4A582789704600B69871 /* Base */ = {isa = PBXFileReference; lastKnownFileType = file.storyboard; name = Base; path = Base.lproj/LaunchScreen.storyboard; sourceTree = "<group>"; };
		005F4A5A2789704600B69871 /* Info.plist */ = {isa = PBXFileReference; lastKnownFileType = text.plist.xml; path = Info.plist; sourceTree = "<group>"; };
		005F4A61278974C100B69871 /* ReemKufi-SemiBold.ttf */ = {isa = PBXFileReference; lastKnownFileType = file; path = "ReemKufi-SemiBold.ttf"; sourceTree = "<group>"; };
		005F4A62278974C100B69871 /* ReemKufi-Bold.ttf */ = {isa = PBXFileReference; lastKnownFileType = file; path = "ReemKufi-Bold.ttf"; sourceTree = "<group>"; };
		005F4A63278974C100B69871 /* ReemKufi-Regular.ttf */ = {isa = PBXFileReference; lastKnownFileType = file; path = "ReemKufi-Regular.ttf"; sourceTree = "<group>"; };
		005F4A64278974C100B69871 /* ReemKufi-Medium.ttf */ = {isa = PBXFileReference; lastKnownFileType = file; path = "ReemKufi-Medium.ttf"; sourceTree = "<group>"; };
		005F4A692789776F00B69871 /* Cairo-Medium.ttf */ = {isa = PBXFileReference; lastKnownFileType = file; path = "Cairo-Medium.ttf"; sourceTree = "<group>"; };
		005F4A6A2789776F00B69871 /* Cairo-SemiBold.ttf */ = {isa = PBXFileReference; lastKnownFileType = file; path = "Cairo-SemiBold.ttf"; sourceTree = "<group>"; };
		005F4A6B2789776F00B69871 /* Cairo-Bold.ttf */ = {isa = PBXFileReference; lastKnownFileType = file; path = "Cairo-Bold.ttf"; sourceTree = "<group>"; };
/* End PBXFileReference section */

/* Begin PBXFrameworksBuildPhase section */
		005F4A462789704300B69871 /* Frameworks */ = {
			isa = PBXFrameworksBuildPhase;
			buildActionMask = 2147483647;
			files = (
			);
			runOnlyForDeploymentPostprocessing = 0;
		};
/* End PBXFrameworksBuildPhase section */

/* Begin PBXGroup section */
		005F4A402789704300B69871 = {
			isa = PBXGroup;
			children = (
				005F4A4B2789704300B69871 /* Qattah */,
				005F4A4A2789704300B69871 /* Products */,
			);
			sourceTree = "<group>";
		};
		005F4A4A2789704300B69871 /* Products */ = {
			isa = PBXGroup;
			children = (
				005F4A492789704300B69871 /* Qattah.app */,
			);
			name = Products;
			sourceTree = "<group>";
		};
		005F4A4B2789704300B69871 /* Qattah */ = {
			isa = PBXGroup;
			children = (
				005F4A60278974A900B69871 /* Fonts */,
				005F4A4C2789704300B69871 /* AppDelegate.swift */,
				005F4A4E2789704300B69871 /* SceneDelegate.swift */,
				005F4A502789704300B69871 /* ViewController.swift */,
				005F4A522789704300B69871 /* Main.storyboard */,
				005F4A552789704600B69871 /* Assets.xcassets */,
				005F4A572789704600B69871 /* LaunchScreen.storyboard */,
				005F4A5A2789704600B69871 /* Info.plist */,
			);
			path = Qattah;
			sourceTree = "<group>";
		};
		005F4A60278974A900B69871 /* Fonts */ = {
			isa = PBXGroup;
			children = (
				005F4A6B2789776F00B69871 /* Cairo-Bold.ttf */,
				005F4A692789776F00B69871 /* Cairo-Medium.ttf */,
				005F4A6A2789776F00B69871 /* Cairo-SemiBold.ttf */,
				005F4A62278974C100B69871 /* ReemKufi-Bold.ttf */,
				005F4A64278974C100B69871 /* ReemKufi-Medium.ttf */,
				005F4A63278974C100B69871 /* ReemKufi-Regular.ttf */,
				005F4A61278974C100B69871 /* ReemKufi-SemiBold.ttf */,
			);
			path = Fonts;
			sourceTree = "<group>";
		};
/* End PBXGroup section */

/* Begin PBXNativeTarget section */
		005F4A482789704300B69871 /* Qattah */ = {
			isa = PBXNativeTarget;
			buildConfigurationList = 005F4A5D2789704600B69871 /* Build configuration list for PBXNativeTarget "Qattah" */;
			buildPhases = (
				005F4A452789704300B69871 /* Sources */,
				005F4A462789704300B69871 /* Frameworks */,
				005F4A472789704300B69871 /* Resources */,
			);
			buildRules = (
			);
			dependencies = (
			);
			name = Qattah;
			productName = Qattah;
			productReference = 005F4A492789704300B69871 /* Qattah.app */;
			productType = "com.apple.product-type.application";
		};
/* End PBXNativeTarget section */

/* Begin PBXProject section */
		005F4A412789704300B69871 /* Project object */ = {
			isa = PBXProject;
			attributes = {
				BuildIndependentTargetsInParallel = 1;
				LastSwiftUpdateCheck = 1320;
				LastUpgradeCheck = 1320;
				TargetAttributes = {
					005F4A482789704300B69871 = {
						CreatedOnToolsVersion = 13.2.1;
					};
				};
			};
			buildConfigurationList = 005F4A442789704300B69871 /* Build configuration list for PBXProject "Qattah" */;
			compatibilityVersion = "Xcode 13.0";
			developmentRegion = en;
			hasScannedForEncodings = 0;
			knownRegions = (
				en,
				Base,
			);
			mainGroup = 005F4A402789704300B69871;
			productRefGroup = 005F4A4A2789704300B69871 /* Products */;
			projectDirPath = "";
			projectRoot = "";
			targets = (
				005F4A482789704300B69871 /* Qattah */,
			);
		};
/* End PBXProject section */

/* Begin PBXResourcesBuildPhase section */
		005F4A472789704300B69871 /* Resources */ = {
			isa = PBXResourcesBuildPhase;
			buildActionMask = 2147483647;
			files = (
				005F4A6C2789776F00B69871 /* Cairo-Medium.ttf in Resources */,
				005F4A66278974C100B69871 /* ReemKufi-Bold.ttf in Resources */,
				005F4A6D2789776F00B69871 /* Cairo-SemiBold.ttf in Resources */,
				005F4A592789704600B69871 /* LaunchScreen.storyboard in Resources */,
				005F4A65278974C100B69871 /* ReemKufi-SemiBold.ttf in Resources */,
				005F4A68278974C100B69871 /* ReemKufi-Medium.ttf in Resources */,
				005F4A6E2789776F00B69871 /* Cairo-Bold.ttf in Resources */,
				005F4A562789704600B69871 /* Assets.xcassets in Resources */,
				005F4A542789704300B69871 /* Main.storyboard in Resources */,
				005F4A67278974C100B69871 /* ReemKufi-Regular.ttf in Resources */,
			);
			runOnlyForDeploymentPostprocessing = 0;
		};
/* End PBXResourcesBuildPhase section */

/* Begin PBXSourcesBuildPhase section */
		005F4A452789704300B69871 /* Sources */ = {
			isa = PBXSourcesBuildPhase;
			buildActionMask = 2147483647;
			files = (
				005F4A512789704300B69871 /* ViewController.swift in Sources */,
				005F4A4D2789704300B69871 /* AppDelegate.swift in Sources */,
				005F4A4F2789704300B69871 /* SceneDelegate.swift in Sources */,
			);
			runOnlyForDeploymentPostprocessing = 0;
		};
/* End PBXSourcesBuildPhase section */

/* Begin PBXVariantGroup section */
		005F4A522789704300B69871 /* Main.storyboard */ = {
			isa = PBXVariantGroup;
			children = (
				005F4A532789704300B69871 /* Base */,
			);
			name = Main.storyboard;
			sourceTree = "<group>";
		};
		005F4A572789704600B69871 /* LaunchScreen.storyboard */ = {
			isa = PBXVariantGroup;
			children = (
				005F4A582789704600B69871 /* Base */,
			);
			name = LaunchScreen.storyboard;
			sourceTree = "<group>";
		};
/* End PBXVariantGroup section */

/* Begin XCBuildConfiguration section */
		005F4A5B2789704600B69871 /* Debug */ = {
			isa = XCBuildConfiguration;
			buildSettings = {
				ALWAYS_SEARCH_USER_PATHS = NO;
				CLANG_ANALYZER_NONNULL = YES;
				CLANG_ANALYZER_NUMBER_OBJECT_CONVERSION = YES_AGGRESSIVE;
				CLANG_CXX_LANGUAGE_STANDARD = "gnu++17";
				CLANG_CXX_LIBRARY = "libc++";
				CLANG_ENABLE_MODULES = YES;
				CLANG_ENABLE_OBJC_ARC = YES;
				CLANG_ENABLE_OBJC_WEAK = YES;
				CLANG_WARN_BLOCK_CAPTURE_AUTORELEASING = YES;
				CLANG_WARN_BOOL_CONVERSION = YES;
				CLANG_WARN_COMMA = YES;
				CLANG_WARN_CONSTANT_CONVERSION = YES;
				CLANG_WARN_DEPRECATED_OBJC_IMPLEMENTATIONS = YES;
				CLANG_WARN_DIRECT_OBJC_ISA_USAGE = YES_ERROR;
				CLANG_WARN_DOCUMENTATION_COMMENTS = YES;
				CLANG_WARN_EMPTY_BODY = YES;
				CLANG_WARN_ENUM_CONVERSION = YES;
				CLANG_WARN_INFINITE_RECURSION = YES;
				CLANG_WARN_INT_CONVERSION = YES;
				CLANG_WARN_NON_LITERAL_NULL_CONVERSION = YES;
				CLANG_WARN_OBJC_IMPLICIT_RETAIN_SELF = YES;
				CLANG_WARN_OBJC_LITERAL_CONVERSION = YES;
				CLANG_WARN_OBJC_ROOT_CLASS = YES_ERROR;
				CLANG_WARN_QUOTED_INCLUDE_IN_FRAMEWORK_HEADER = YES;
				CLANG_WARN_RANGE_LOOP_ANALYSIS = YES;
				CLANG_WARN_STRICT_PROTOTYPES = YES;
				CLANG_WARN_SUSPICIOUS_MOVE = YES;
				CLANG_WARN_UNGUARDED_AVAILABILITY = YES_AGGRESSIVE;
				CLANG_WARN_UNREACHABLE_CODE = YES;
				CLANG_WARN__DUPLICATE_METHOD_MATCH = YES;
				COPY_PHASE_STRIP = NO;
				DEBUG_INFORMATION_FORMAT = dwarf;
				ENABLE_STRICT_OBJC_MSGSEND = YES;
				ENABLE_TESTABILITY = YES;
				GCC_C_LANGUAGE_STANDARD = gnu11;
				GCC_DYNAMIC_NO_PIC = NO;
				GCC_NO_COMMON_BLOCKS = YES;
				GCC_OPTIMIZATION_LEVEL = 0;
				GCC_PREPROCESSOR_DEFINITIONS = (
					"DEBUG=1",
					"$(inherited)",
				);
				GCC_WARN_64_TO_32_BIT_CONVERSION = YES;
				GCC_WARN_ABOUT_RETURN_TYPE = YES_ERROR;
				GCC_WARN_UNDECLARED_SELECTOR = YES;
				GCC_WARN_UNINITIALIZED_AUTOS = YES_AGGRESSIVE;
				GCC_WARN_UNUSED_FUNCTION = YES;
				GCC_WARN_UNUSED_VARIABLE = YES;
				IPHONEOS_DEPLOYMENT_TARGET = 15.2;
				MTL_ENABLE_DEBUG_INFO = INCLUDE_SOURCE;
				MTL_FAST_MATH = YES;
				ONLY_ACTIVE_ARCH = YES;
				SDKROOT = iphoneos;
				SWIFT_ACTIVE_COMPILATION_CONDITIONS = DEBUG;
				SWIFT_OPTIMIZATION_LEVEL = "-Onone";
			};
			name = Debug;
		};
		005F4A5C2789704600B69871 /* Release */ = {
			isa = XCBuildConfiguration;
			buildSettings = {
				ALWAYS_SEARCH_USER_PATHS = NO;
				CLANG_ANALYZER_NONNULL = YES;
				CLANG_ANALYZER_NUMBER_OBJECT_CONVERSION = YES_AGGRESSIVE;
				CLANG_CXX_LANGUAGE_STANDARD = "gnu++17";
				CLANG_CXX_LIBRARY = "libc++";
				CLANG_ENABLE_MODULES = YES;
				CLANG_ENABLE_OBJC_ARC = YES;
				CLANG_ENABLE_OBJC_WEAK = YES;
				CLANG_WARN_BLOCK_CAPTURE_AUTORELEASING = YES;
				CLANG_WARN_BOOL_CONVERSION = YES;
				CLANG_WARN_COMMA = YES;
				CLANG_WARN_CONSTANT_CONVERSION = YES;
				CLANG_WARN_DEPRECATED_OBJC_IMPLEMENTATIONS = YES;
				CLANG_WARN_DIRECT_OBJC_ISA_USAGE = YES_ERROR;
				CLANG_WARN_DOCUMENTATION_COMMENTS = YES;
				CLANG_WARN_EMPTY_BODY = YES;
				CLANG_WARN_ENUM_CONVERSION = YES;
				CLANG_WARN_INFINITE_RECURSION = YES;
				CLANG_WARN_INT_CONVERSION = YES;
				CLANG_WARN_NON_LITERAL_NULL_CONVERSION = YES;
				CLANG_WARN_OBJC_IMPLICIT_RETAIN_SELF = YES;
				CLANG_WARN_OBJC_LITERAL_CONVERSION = YES;
				CLANG_WARN_OBJC_ROOT_CLASS = YES_ERROR;
				CLANG_WARN_QUOTED_INCLUDE_IN_FRAMEWORK_HEADER = YES;
				CLANG_WARN_RANGE_LOOP_ANALYSIS = YES;
				CLANG_WARN_STRICT_PROTOTYPES = YES;
				CLANG_WARN_SUSPICIOUS_MOVE = YES;
				CLANG_WARN_UNGUARDED_AVAILABILITY = YES_AGGRESSIVE;
				CLANG_WARN_UNREACHABLE_CODE = YES;
				CLANG_WARN__DUPLICATE_METHOD_MATCH = YES;
				COPY_PHASE_STRIP = NO;
				DEBUG_INFORMATION_FORMAT = "dwarf-with-dsym";
				ENABLE_NS_ASSERTIONS = NO;
				ENABLE_STRICT_OBJC_MSGSEND = YES;
				GCC_C_LANGUAGE_STANDARD = gnu11;
				GCC_NO_COMMON_BLOCKS = YES;
				GCC_WARN_64_TO_32_BIT_CONVERSION = YES;
				GCC_WARN_ABOUT_RETURN_TYPE = YES_ERROR;
				GCC_WARN_UNDECLARED_SELECTOR = YES;
				GCC_WARN_UNINITIALIZED_AUTOS = YES_AGGRESSIVE;
				GCC_WARN_UNUSED_FUNCTION = YES;
				GCC_WARN_UNUSED_VARIABLE = YES;
				IPHONEOS_DEPLOYMENT_TARGET = 15.2;
				MTL_ENABLE_DEBUG_INFO = NO;
				MTL_FAST_MATH = YES;
				SDKROOT = iphoneos;
				SWIFT_COMPILATION_MODE = wholemodule;
				SWIFT_OPTIMIZATION_LEVEL = "-O";
				VALIDATE_PRODUCT = YES;
			};
			name = Release;
		};
		005F4A5E2789704600B69871 /* Debug */ = {
			isa = XCBuildConfiguration;
			buildSettings = {
				ASSETCATALOG_COMPILER_APPICON_NAME = AppIcon;
				ASSETCATALOG_COMPILER_GLOBAL_ACCENT_COLOR_NAME = AccentColor;
				CODE_SIGN_STYLE = Automatic;
				CURRENT_PROJECT_VERSION = 1;
				DEVELOPMENT_TEAM = XTQ6YTSTUJ;
				GENERATE_INFOPLIST_FILE = YES;
				INFOPLIST_FILE = Qattah/Info.plist;
				INFOPLIST_KEY_UIApplicationSupportsIndirectInputEvents = YES;
				INFOPLIST_KEY_UILaunchStoryboardName = LaunchScreen;
				INFOPLIST_KEY_UIMainStoryboardFile = Main;
				INFOPLIST_KEY_UISupportedInterfaceOrientations_iPad = "UIInterfaceOrientationPortrait UIInterfaceOrientationPortraitUpsideDown UIInterfaceOrientationLandscapeLeft UIInterfaceOrientationLandscapeRight";
				INFOPLIST_KEY_UISupportedInterfaceOrientations_iPhone = "UIInterfaceOrientationPortrait UIInterfaceOrientationLandscapeLeft UIInterfaceOrientationLandscapeRight";
				LD_RUNPATH_SEARCH_PATHS = (
					"$(inherited)",
					"@executable_path/Frameworks",
				);
				MARKETING_VERSION = 1.0;
				PRODUCT_BUNDLE_IDENTIFIER = com.ferasico.Qattah;
				PRODUCT_NAME = "$(TARGET_NAME)";
				SWIFT_EMIT_LOC_STRINGS = YES;
				SWIFT_VERSION = 5.0;
				TARGETED_DEVICE_FAMILY = "1,2";
			};
			name = Debug;
		};
		005F4A5F2789704600B69871 /* Release */ = {
			isa = XCBuildConfiguration;
			buildSettings = {
				ASSETCATALOG_COMPILER_APPICON_NAME = AppIcon;
				ASSETCATALOG_COMPILER_GLOBAL_ACCENT_COLOR_NAME = AccentColor;
				CODE_SIGN_STYLE = Automatic;
				CURRENT_PROJECT_VERSION = 1;
				DEVELOPMENT_TEAM = XTQ6YTSTUJ;
				GENERATE_INFOPLIST_FILE = YES;
				INFOPLIST_FILE = Qattah/Info.plist;
				INFOPLIST_KEY_UIApplicationSupportsIndirectInputEvents = YES;
				INFOPLIST_KEY_UILaunchStoryboardName = LaunchScreen;
				INFOPLIST_KEY_UIMainStoryboardFile = Main;
				INFOPLIST_KEY_UISupportedInterfaceOrientations_iPad = "UIInterfaceOrientationPortrait UIInterfaceOrientationPortraitUpsideDown UIInterfaceOrientationLandscapeLeft UIInterfaceOrientationLandscapeRight";
				INFOPLIST_KEY_UISupportedInterfaceOrientations_iPhone = "UIInterfaceOrientationPortrait UIInterfaceOrientationLandscapeLeft UIInterfaceOrientationLandscapeRight";
				LD_RUNPATH_SEARCH_PATHS = (
					"$(inherited)",
					"@executable_path/Frameworks",
				);
				MARKETING_VERSION = 1.0;
				PRODUCT_BUNDLE_IDENTIFIER = com.ferasico.Qattah;
				PRODUCT_NAME = "$(TARGET_NAME)";
				SWIFT_EMIT_LOC_STRINGS = YES;
				SWIFT_VERSION = 5.0;
				TARGETED_DEVICE_FAMILY = "1,2";
			};
			name = Release;
		};
/* End XCBuildConfiguration section */

/* Begin XCConfigurationList section */
		005F4A442789704300B69871 /* Build configuration list for PBXProject "Qattah" */ = {
			isa = XCConfigurationList;
			buildConfigurations = (
				005F4A5B2789704600B69871 /* Debug */,
				005F4A5C2789704600B69871 /* Release */,
			);
			defaultConfigurationIsVisible = 0;
			defaultConfigurationName = Release;
		};
		005F4A5D2789704600B69871 /* Build configuration list for PBXNativeTarget "Qattah" */ = {
			isa = XCConfigurationList;
			buildConfigurations = (
				005F4A5E2789704600B69871 /* Debug */,
				005F4A5F2789704600B69871 /* Release */,
			);
			defaultConfigurationIsVisible = 0;
			defaultConfigurationName = Release;
		};
/* End XCConfigurationList section */
	};
	rootObject = 005F4A412789704300B69871 /* Project object */;
}
